
Microsoft Visual Studio Solution File, Format Version 12.00
# Visual Studio Version 16
VisualStudioVersion = 16.0.31410.357
MinimumVisualStudioVersion = 10.0.40219.1
Project("{9A19103F-16F7-4668-BE54-9A1E7A4F7556}") = "AnnualLeaveSystem", "AnnualLeaveSystem\AnnualLeaveSystem.csproj", "{7BC75DED-E043-49DB-A7C2-9842B5764040}"
EndProject
Project("{FAE04EC0-301F-11D3-BF4B-00C04F79EFBC}") = "AnnualLeaveSystem.Test", "AnnualLeaveSystem.Test\AnnualLeaveSystem.Test.csproj", "{A47FC885-8AC3-4F74-B643-E119D016EC2D}"
EndProject
Global
	GlobalSection(SolutionConfigurationPlatforms) = preSolution
		Debug|Any CPU = Debug|Any CPU
		Release|Any CPU = Release|Any CPU
	EndGlobalSection
	GlobalSection(ProjectConfigurationPlatforms) = postSolution
		{7BC75DED-E043-49DB-A7C2-9842B5764040}.Debug|Any CPU.ActiveCfg = Debug|Any CPU
		{7BC75DED-E043-49DB-A7C2-9842B5764040}.Debug|Any CPU.Build.0 = Debug|Any CPU
		{7BC75DED-E043-49DB-A7C2-9842B5764040}.Release|Any CPU.ActiveCfg = Release|Any CPU
		{7BC75DED-E043-49DB-A7C2-9842B5764040}.Release|Any CPU.Build.0 = Release|Any CPU
		{A47FC885-8AC3-4F74-B643-E119D016EC2D}.Debug|Any CPU.ActiveCfg = Debug|Any CPU
		{A47FC885-8AC3-4F74-B643-E119D016EC2D}.Debug|Any CPU.Build.0 = Debug|Any CPU
		{A47FC885-8AC3-4F74-B643-E119D016EC2D}.Release|Any CPU.ActiveCfg = Release|Any CPU
		{A47FC885-8AC3-4F74-B643-E119D016EC2D}.Release|Any CPU.Build.0 = Release|Any CPU
	EndGlobalSection
	GlobalSection(SolutionProperties) = preSolution
		HideSolutionNode = FALSE
	EndGlobalSection
	GlobalSection(ExtensibilityGlobals) = postSolution
		SolutionGuid = {6390FF5E-E9F3-477D-ACE3-D7AC7C8DCB0D}
	EndGlobalSection
EndGlobal
